// !$*UTF8*$!
{
	archiveVersion = 1;
	classes = {
	};
	objectVersion = 46;
	objects = {

/* Begin PBXBuildFile section */
		03C5DF15172D5E1D00B39AFF /* UIKit.framework in Frameworks */ = {isa = PBXBuildFile; fileRef = 03C5DF14172D5E1D00B39AFF /* UIKit.framework */; };
		03C5DF17172D5E1D00B39AFF /* Foundation.framework in Frameworks */ = {isa = PBXBuildFile; fileRef = 03C5DF16172D5E1D00B39AFF /* Foundation.framework */; };
		03C5DF19172D5E1D00B39AFF /* CoreGraphics.framework in Frameworks */ = {isa = PBXBuildFile; fileRef = 03C5DF18172D5E1D00B39AFF /* CoreGraphics.framework */; };
		03C5DF1F172D5E1D00B39AFF /* InfoPlist.strings in Resources */ = {isa = PBXBuildFile; fileRef = 03C5DF1D172D5E1D00B39AFF /* InfoPlist.strings */; };
		03C5DF21172D5E1D00B39AFF /* main.m in Sources */ = {isa = PBXBuildFile; fileRef = 03C5DF20172D5E1D00B39AFF /* main.m */; };
		03C5DF25172D5E1D00B39AFF /* AppDelegate.m in Sources */ = {isa = PBXBuildFile; fileRef = 03C5DF24172D5E1D00B39AFF /* AppDelegate.m */; };
		03C5DF27172D5E1D00B39AFF /* Default.png in Resources */ = {isa = PBXBuildFile; fileRef = 03C5DF26172D5E1D00B39AFF /* Default.png */; };
		03C5DF29172D5E1D00B39AFF /* Default@2x.png in Resources */ = {isa = PBXBuildFile; fileRef = 03C5DF28172D5E1D00B39AFF /* Default@2x.png */; };
		03C5DF2B172D5E1D00B39AFF /* Default-568h@2x.png in Resources */ = {isa = PBXBuildFile; fileRef = 03C5DF2A172D5E1D00B39AFF /* Default-568h@2x.png */; };
		03C5DF2E172D5E1D00B39AFF /* MainStoryboard_iPhone.storyboard in Resources */ = {isa = PBXBuildFile; fileRef = 03C5DF2C172D5E1D00B39AFF /* MainStoryboard_iPhone.storyboard */; };
		03C5DF34172D5E1D00B39AFF /* ViewController.m in Sources */ = {isa = PBXBuildFile; fileRef = 03C5DF33172D5E1D00B39AFF /* ViewController.m */; };
		03C5DF3F172D70C600B39AFF /* LogonViewController.m in Sources */ = {isa = PBXBuildFile; fileRef = 03C5DF3E172D70C600B39AFF /* LogonViewController.m */; };
		03C5DFA0172FFCB400B39AFF /* AudienceViewController.m in Sources */ = {isa = PBXBuildFile; fileRef = 03C5DF9F172FFCB400B39AFF /* AudienceViewController.m */; };
		03C5DFA3172FFCCC00B39AFF /* SpeakerViewController.m in Sources */ = {isa = PBXBuildFile; fileRef = 03C5DFA2172FFCCC00B39AFF /* SpeakerViewController.m */; };
		03C5DFDB17300EF200B39AFF /* JoinClassViewController.m in Sources */ = {isa = PBXBuildFile; fileRef = 03C5DFDA17300EF200B39AFF /* JoinClassViewController.m */; };
		03C5DFDE173013DF00B39AFF /* CreateClassViewController.m in Sources */ = {isa = PBXBuildFile; fileRef = 03C5DFDD173013DF00B39AFF /* CreateClassViewController.m */; };
		03C5DFE1173015E700B39AFF /* ClassDetailsViewController.m in Sources */ = {isa = PBXBuildFile; fileRef = 03C5DFE0173015E600B39AFF /* ClassDetailsViewController.m */; };
		03C5DFE71730180100B39AFF /* QuestionListViewController.m in Sources */ = {isa = PBXBuildFile; fileRef = 03C5DFE61730180000B39AFF /* QuestionListViewController.m */; };
		03C5DFEA1730E57F00B39AFF /* QuestionDetailsViewController.m in Sources */ = {isa = PBXBuildFile; fileRef = 03C5DFE91730E57F00B39AFF /* QuestionDetailsViewController.m */; };
		03C5DFF01730F5CB00B39AFF /* sessionListSample.m in Sources */ = {isa = PBXBuildFile; fileRef = 03C5DFEF1730F5CA00B39AFF /* sessionListSample.m */; };
		03C5DFFF173BE3D000B39AFF /* SignUpViewController.m in Sources */ = {isa = PBXBuildFile; fileRef = 03C5DFFE173BE3D000B39AFF /* SignUpViewController.m */; };
		03C5E002173BE5D400B39AFF /* SessionList.m in Sources */ = {isa = PBXBuildFile; fileRef = 03C5E001173BE5D300B39AFF /* SessionList.m */; };
		41C534B01734B29200493111 /* ServiceAPI.m in Sources */ = {isa = PBXBuildFile; fileRef = 41C534AF1734B29200493111 /* ServiceAPI.m */; };
		41C534B81734D6A700493111 /* SessionService.m in Sources */ = {isa = PBXBuildFile; fileRef = 41C534B71734D6A700493111 /* SessionService.m */; };
		41C8DDAF1734E6050075DD92 /* UserSerializer.m in Sources */ = {isa = PBXBuildFile; fileRef = 41C8DDAE1734E6050075DD92 /* UserSerializer.m */; };
		41C8DDB21734EBD80075DD92 /* Entity.m in Sources */ = {isa = PBXBuildFile; fileRef = 41C8DDB11734EBD80075DD92 /* Entity.m */; };
		41C8DDB51734EF0C0075DD92 /* HttpQuery.m in Sources */ = {isa = PBXBuildFile; fileRef = 41C8DDB41734EF0B0075DD92 /* HttpQuery.m */; };
		41C8DDDF1734F28F0075DD92 /* NSObject+SBJSON.m in Sources */ = {isa = PBXBuildFile; fileRef = 41C8DDD21734F28F0075DD92 /* NSObject+SBJSON.m */; };
		41C8DDE01734F28F0075DD92 /* NSString+SBJSON.m in Sources */ = {isa = PBXBuildFile; fileRef = 41C8DDD41734F28F0075DD92 /* NSString+SBJSON.m */; };
		41C8DDE11734F28F0075DD92 /* SBJSON.m in Sources */ = {isa = PBXBuildFile; fileRef = 41C8DDD61734F28F0075DD92 /* SBJSON.m */; };
		41C8DDE21734F28F0075DD92 /* SBJsonBase.m in Sources */ = {isa = PBXBuildFile; fileRef = 41C8DDD81734F28F0075DD92 /* SBJsonBase.m */; };
		41C8DDE31734F28F0075DD92 /* SBJsonParser.m in Sources */ = {isa = PBXBuildFile; fileRef = 41C8DDDA1734F28F0075DD92 /* SBJsonParser.m */; };
		41C8DDE41734F28F0075DD92 /* SBJsonWriter.m in Sources */ = {isa = PBXBuildFile; fileRef = 41C8DDDC1734F28F0075DD92 /* SBJsonWriter.m */; };
		41C8DDE51734F28F0075DD92 /* SearchResults.m in Sources */ = {isa = PBXBuildFile; fileRef = 41C8DDDE1734F28F0075DD92 /* SearchResults.m */; };
		41C8DDEC17369A7F0075DD92 /* SessionSerializer.m in Sources */ = {isa = PBXBuildFile; fileRef = 41C8DDEB17369A7F0075DD92 /* SessionSerializer.m */; };
		41C8DDEF17369AEC0075DD92 /* Serializer.m in Sources */ = {isa = PBXBuildFile; fileRef = 41C8DDEE17369AEB0075DD92 /* Serializer.m */; };
		41C8DDF91736C2700075DD92 /* Util.m in Sources */ = {isa = PBXBuildFile; fileRef = 41C8DDF81736C26F0075DD92 /* Util.m */; };
		41DD7D04173F32B500182868 /* UserService.m in Sources */ = {isa = PBXBuildFile; fileRef = 41DD7D03173F32B500182868 /* UserService.m */; };
		41DD7D07173F32E600182868 /* QuestionService.m in Sources */ = {isa = PBXBuildFile; fileRef = 41DD7D06173F32E600182868 /* QuestionService.m */; };
		41DD7D0A173F334E00182868 /* QuestionSerializer.m in Sources */ = {isa = PBXBuildFile; fileRef = 41DD7D09173F334E00182868 /* QuestionSerializer.m */; };
		41DD7D0D173F3A3E00182868 /* LoginInfo.m in Sources */ = {isa = PBXBuildFile; fileRef = 41DD7D0C173F3A3E00182868 /* LoginInfo.m */; };
		4A4A68D41734BA2D002C9BBC /* QuestionList.m in Sources */ = {isa = PBXBuildFile; fileRef = 4A4A68D31734BA2C002C9BBC /* QuestionList.m */; };
		CE31B97D1730CB4E00FDD98B /* LoginModel.m in Sources */ = {isa = PBXBuildFile; fileRef = CE31B9761730CB4E00FDD98B /* LoginModel.m */; };
		CE31B97E1730CB4E00FDD98B /* Question.m in Sources */ = {isa = PBXBuildFile; fileRef = CE31B9781730CB4E00FDD98B /* Question.m */; };
		CE31B97F1730CB4E00FDD98B /* Session.m in Sources */ = {isa = PBXBuildFile; fileRef = CE31B97A1730CB4E00FDD98B /* Session.m */; };
		CE31B9801730CB4E00FDD98B /* User.m in Sources */ = {isa = PBXBuildFile; fileRef = CE31B97C1730CB4E00FDD98B /* User.m */; };
/* End PBXBuildFile section */

/* Begin PBXFileReference section */
		03C5DF11172D5E1D00B39AFF /* iclass.app */ = {isa = PBXFileReference; explicitFileType = wrapper.application; includeInIndex = 0; path = iclass.app; sourceTree = BUILT_PRODUCTS_DIR; };
		03C5DF14172D5E1D00B39AFF /* UIKit.framework */ = {isa = PBXFileReference; lastKnownFileType = wrapper.framework; name = UIKit.framework; path = System/Library/Frameworks/UIKit.framework; sourceTree = SDKROOT; };
		03C5DF16172D5E1D00B39AFF /* Foundation.framework */ = {isa = PBXFileReference; lastKnownFileType = wrapper.framework; name = Foundation.framework; path = System/Library/Frameworks/Foundation.framework; sourceTree = SDKROOT; };
		03C5DF18172D5E1D00B39AFF /* CoreGraphics.framework */ = {isa = PBXFileReference; lastKnownFileType = wrapper.framework; name = CoreGraphics.framework; path = System/Library/Frameworks/CoreGraphics.framework; sourceTree = SDKROOT; };
		03C5DF1C172D5E1D00B39AFF /* iclass-Info.plist */ = {isa = PBXFileReference; lastKnownFileType = text.plist.xml; path = "iclass-Info.plist"; sourceTree = "<group>"; };
		03C5DF1E172D5E1D00B39AFF /* en */ = {isa = PBXFileReference; lastKnownFileType = text.plist.strings; name = en; path = en.lproj/InfoPlist.strings; sourceTree = "<group>"; };
		03C5DF20172D5E1D00B39AFF /* main.m */ = {isa = PBXFileReference; lastKnownFileType = sourcecode.c.objc; path = main.m; sourceTree = "<group>"; };
		03C5DF22172D5E1D00B39AFF /* iclass-Prefix.pch */ = {isa = PBXFileReference; lastKnownFileType = sourcecode.c.h; path = "iclass-Prefix.pch"; sourceTree = "<group>"; };
		03C5DF23172D5E1D00B39AFF /* AppDelegate.h */ = {isa = PBXFileReference; lastKnownFileType = sourcecode.c.h; path = AppDelegate.h; sourceTree = "<group>"; };
		03C5DF24172D5E1D00B39AFF /* AppDelegate.m */ = {isa = PBXFileReference; lastKnownFileType = sourcecode.c.objc; path = AppDelegate.m; sourceTree = "<group>"; };
		03C5DF26172D5E1D00B39AFF /* Default.png */ = {isa = PBXFileReference; lastKnownFileType = image.png; path = Default.png; sourceTree = "<group>"; };
		03C5DF28172D5E1D00B39AFF /* Default@2x.png */ = {isa = PBXFileReference; lastKnownFileType = image.png; path = "Default@2x.png"; sourceTree = "<group>"; };
		03C5DF2A172D5E1D00B39AFF /* Default-568h@2x.png */ = {isa = PBXFileReference; lastKnownFileType = image.png; path = "Default-568h@2x.png"; sourceTree = "<group>"; };
		03C5DF2D172D5E1D00B39AFF /* en */ = {isa = PBXFileReference; lastKnownFileType = file.storyboard; name = en; path = en.lproj/MainStoryboard_iPhone.storyboard; sourceTree = "<group>"; };
		03C5DF32172D5E1D00B39AFF /* ViewController.h */ = {isa = PBXFileReference; lastKnownFileType = sourcecode.c.h; path = ViewController.h; sourceTree = "<group>"; };
		03C5DF33172D5E1D00B39AFF /* ViewController.m */ = {isa = PBXFileReference; lastKnownFileType = sourcecode.c.objc; path = ViewController.m; sourceTree = "<group>"; };
		03C5DF3D172D70C600B39AFF /* LogonViewController.h */ = {isa = PBXFileReference; fileEncoding = 4; lastKnownFileType = sourcecode.c.h; path = LogonViewController.h; sourceTree = "<group>"; };
		03C5DF3E172D70C600B39AFF /* LogonViewController.m */ = {isa = PBXFileReference; fileEncoding = 4; lastKnownFileType = sourcecode.c.objc; path = LogonViewController.m; sourceTree = "<group>"; };
		03C5DF9E172FFCB400B39AFF /* AudienceViewController.h */ = {isa = PBXFileReference; fileEncoding = 4; lastKnownFileType = sourcecode.c.h; path = AudienceViewController.h; sourceTree = "<group>"; };
		03C5DF9F172FFCB400B39AFF /* AudienceViewController.m */ = {isa = PBXFileReference; fileEncoding = 4; lastKnownFileType = sourcecode.c.objc; path = AudienceViewController.m; sourceTree = "<group>"; };
		03C5DFA1172FFCCC00B39AFF /* SpeakerViewController.h */ = {isa = PBXFileReference; fileEncoding = 4; lastKnownFileType = sourcecode.c.h; path = SpeakerViewController.h; sourceTree = "<group>"; };
		03C5DFA2172FFCCC00B39AFF /* SpeakerViewController.m */ = {isa = PBXFileReference; fileEncoding = 4; lastKnownFileType = sourcecode.c.objc; path = SpeakerViewController.m; sourceTree = "<group>"; };
		03C5DFD917300EF200B39AFF /* JoinClassViewController.h */ = {isa = PBXFileReference; fileEncoding = 4; lastKnownFileType = sourcecode.c.h; path = JoinClassViewController.h; sourceTree = "<group>"; };
		03C5DFDA17300EF200B39AFF /* JoinClassViewController.m */ = {isa = PBXFileReference; fileEncoding = 4; lastKnownFileType = sourcecode.c.objc; path = JoinClassViewController.m; sourceTree = "<group>"; };
		03C5DFDC173013DE00B39AFF /* CreateClassViewController.h */ = {isa = PBXFileReference; fileEncoding = 4; lastKnownFileType = sourcecode.c.h; path = CreateClassViewController.h; sourceTree = "<group>"; };
		03C5DFDD173013DF00B39AFF /* CreateClassViewController.m */ = {isa = PBXFileReference; fileEncoding = 4; lastKnownFileType = sourcecode.c.objc; path = CreateClassViewController.m; sourceTree = "<group>"; };
		03C5DFDF173015E600B39AFF /* ClassDetailsViewController.h */ = {isa = PBXFileReference; fileEncoding = 4; lastKnownFileType = sourcecode.c.h; path = ClassDetailsViewController.h; sourceTree = "<group>"; };
		03C5DFE0173015E600B39AFF /* ClassDetailsViewController.m */ = {isa = PBXFileReference; fileEncoding = 4; lastKnownFileType = sourcecode.c.objc; path = ClassDetailsViewController.m; sourceTree = "<group>"; };
		03C5DFE51730180000B39AFF /* QuestionListViewController.h */ = {isa = PBXFileReference; fileEncoding = 4; lastKnownFileType = sourcecode.c.h; path = QuestionListViewController.h; sourceTree = "<group>"; };
		03C5DFE61730180000B39AFF /* QuestionListViewController.m */ = {isa = PBXFileReference; fileEncoding = 4; lastKnownFileType = sourcecode.c.objc; path = QuestionListViewController.m; sourceTree = "<group>"; };
		03C5DFE81730E57F00B39AFF /* QuestionDetailsViewController.h */ = {isa = PBXFileReference; fileEncoding = 4; lastKnownFileType = sourcecode.c.h; path = QuestionDetailsViewController.h; sourceTree = "<group>"; };
		03C5DFE91730E57F00B39AFF /* QuestionDetailsViewController.m */ = {isa = PBXFileReference; fileEncoding = 4; lastKnownFileType = sourcecode.c.objc; path = QuestionDetailsViewController.m; sourceTree = "<group>"; };
		03C5DFEE1730F5CA00B39AFF /* sessionListSample.h */ = {isa = PBXFileReference; fileEncoding = 4; lastKnownFileType = sourcecode.c.h; path = sessionListSample.h; sourceTree = "<group>"; };
		03C5DFEF1730F5CA00B39AFF /* sessionListSample.m */ = {isa = PBXFileReference; fileEncoding = 4; lastKnownFileType = sourcecode.c.objc; path = sessionListSample.m; sourceTree = "<group>"; };
		03C5DFFD173BE3D000B39AFF /* SignUpViewController.h */ = {isa = PBXFileReference; fileEncoding = 4; lastKnownFileType = sourcecode.c.h; path = SignUpViewController.h; sourceTree = "<group>"; };
		03C5DFFE173BE3D000B39AFF /* SignUpViewController.m */ = {isa = PBXFileReference; fileEncoding = 4; lastKnownFileType = sourcecode.c.objc; path = SignUpViewController.m; sourceTree = "<group>"; };
		03C5E000173BE5D100B39AFF /* SessionList.h */ = {isa = PBXFileReference; fileEncoding = 4; lastKnownFileType = sourcecode.c.h; path = SessionList.h; sourceTree = "<group>"; };
		03C5E001173BE5D300B39AFF /* SessionList.m */ = {isa = PBXFileReference; fileEncoding = 4; lastKnownFileType = sourcecode.c.objc; path = SessionList.m; sourceTree = "<group>"; };
		41C534AE1734B29200493111 /* ServiceAPI.h */ = {isa = PBXFileReference; fileEncoding = 4; lastKnownFileType = sourcecode.c.h; path = ServiceAPI.h; sourceTree = "<group>"; };
		41C534AF1734B29200493111 /* ServiceAPI.m */ = {isa = PBXFileReference; fileEncoding = 4; lastKnownFileType = sourcecode.c.objc; path = ServiceAPI.m; sourceTree = "<group>"; };
		41C534B61734D6A700493111 /* SessionService.h */ = {isa = PBXFileReference; fileEncoding = 4; lastKnownFileType = sourcecode.c.h; path = SessionService.h; sourceTree = "<group>"; };
		41C534B71734D6A700493111 /* SessionService.m */ = {isa = PBXFileReference; fileEncoding = 4; lastKnownFileType = sourcecode.c.objc; path = SessionService.m; sourceTree = "<group>"; };
		41C8DDAD1734E6050075DD92 /* UserSerializer.h */ = {isa = PBXFileReference; fileEncoding = 4; lastKnownFileType = sourcecode.c.h; path = UserSerializer.h; sourceTree = "<group>"; };
		41C8DDAE1734E6050075DD92 /* UserSerializer.m */ = {isa = PBXFileReference; fileEncoding = 4; lastKnownFileType = sourcecode.c.objc; path = UserSerializer.m; sourceTree = "<group>"; };
		41C8DDB01734EBD80075DD92 /* Entity.h */ = {isa = PBXFileReference; fileEncoding = 4; lastKnownFileType = sourcecode.c.h; path = Entity.h; sourceTree = "<group>"; };
		41C8DDB11734EBD80075DD92 /* Entity.m */ = {isa = PBXFileReference; fileEncoding = 4; lastKnownFileType = sourcecode.c.objc; path = Entity.m; sourceTree = "<group>"; };
		41C8DDB31734EF0B0075DD92 /* HttpQuery.h */ = {isa = PBXFileReference; fileEncoding = 4; lastKnownFileType = sourcecode.c.h; path = HttpQuery.h; sourceTree = "<group>"; };
		41C8DDB41734EF0B0075DD92 /* HttpQuery.m */ = {isa = PBXFileReference; fileEncoding = 4; lastKnownFileType = sourcecode.c.objc; path = HttpQuery.m; sourceTree = "<group>"; };
		41C8DDD01734F28F0075DD92 /* JSON.h */ = {isa = PBXFileReference; fileEncoding = 4; lastKnownFileType = sourcecode.c.h; path = JSON.h; sourceTree = "<group>"; };
		41C8DDD11734F28F0075DD92 /* NSObject+SBJSON.h */ = {isa = PBXFileReference; fileEncoding = 4; lastKnownFileType = sourcecode.c.h; path = "NSObject+SBJSON.h"; sourceTree = "<group>"; };
		41C8DDD21734F28F0075DD92 /* NSObject+SBJSON.m */ = {isa = PBXFileReference; fileEncoding = 4; lastKnownFileType = sourcecode.c.objc; path = "NSObject+SBJSON.m"; sourceTree = "<group>"; };
		41C8DDD31734F28F0075DD92 /* NSString+SBJSON.h */ = {isa = PBXFileReference; fileEncoding = 4; lastKnownFileType = sourcecode.c.h; path = "NSString+SBJSON.h"; sourceTree = "<group>"; };
		41C8DDD41734F28F0075DD92 /* NSString+SBJSON.m */ = {isa = PBXFileReference; fileEncoding = 4; lastKnownFileType = sourcecode.c.objc; path = "NSString+SBJSON.m"; sourceTree = "<group>"; };
		41C8DDD51734F28F0075DD92 /* SBJSON.h */ = {isa = PBXFileReference; fileEncoding = 4; lastKnownFileType = sourcecode.c.h; path = SBJSON.h; sourceTree = "<group>"; };
		41C8DDD61734F28F0075DD92 /* SBJSON.m */ = {isa = PBXFileReference; fileEncoding = 4; lastKnownFileType = sourcecode.c.objc; path = SBJSON.m; sourceTree = "<group>"; };
		41C8DDD71734F28F0075DD92 /* SBJsonBase.h */ = {isa = PBXFileReference; fileEncoding = 4; lastKnownFileType = sourcecode.c.h; path = SBJsonBase.h; sourceTree = "<group>"; };
		41C8DDD81734F28F0075DD92 /* SBJsonBase.m */ = {isa = PBXFileReference; fileEncoding = 4; lastKnownFileType = sourcecode.c.objc; path = SBJsonBase.m; sourceTree = "<group>"; };
		41C8DDD91734F28F0075DD92 /* SBJsonParser.h */ = {isa = PBXFileReference; fileEncoding = 4; lastKnownFileType = sourcecode.c.h; path = SBJsonParser.h; sourceTree = "<group>"; };
		41C8DDDA1734F28F0075DD92 /* SBJsonParser.m */ = {isa = PBXFileReference; fileEncoding = 4; lastKnownFileType = sourcecode.c.objc; path = SBJsonParser.m; sourceTree = "<group>"; };
		41C8DDDB1734F28F0075DD92 /* SBJsonWriter.h */ = {isa = PBXFileReference; fileEncoding = 4; lastKnownFileType = sourcecode.c.h; path = SBJsonWriter.h; sourceTree = "<group>"; };
		41C8DDDC1734F28F0075DD92 /* SBJsonWriter.m */ = {isa = PBXFileReference; fileEncoding = 4; lastKnownFileType = sourcecode.c.objc; path = SBJsonWriter.m; sourceTree = "<group>"; };
		41C8DDDD1734F28F0075DD92 /* SearchResults.h */ = {isa = PBXFileReference; fileEncoding = 4; lastKnownFileType = sourcecode.c.h; path = SearchResults.h; sourceTree = "<group>"; };
		41C8DDDE1734F28F0075DD92 /* SearchResults.m */ = {isa = PBXFileReference; fileEncoding = 4; lastKnownFileType = sourcecode.c.objc; path = SearchResults.m; sourceTree = "<group>"; };
		41C8DDEA17369A7F0075DD92 /* SessionSerializer.h */ = {isa = PBXFileReference; fileEncoding = 4; lastKnownFileType = sourcecode.c.h; path = SessionSerializer.h; sourceTree = "<group>"; };
		41C8DDEB17369A7F0075DD92 /* SessionSerializer.m */ = {isa = PBXFileReference; fileEncoding = 4; lastKnownFileType = sourcecode.c.objc; path = SessionSerializer.m; sourceTree = "<group>"; };
		41C8DDED17369AEB0075DD92 /* Serializer.h */ = {isa = PBXFileReference; fileEncoding = 4; lastKnownFileType = sourcecode.c.h; path = Serializer.h; sourceTree = "<group>"; };
		41C8DDEE17369AEB0075DD92 /* Serializer.m */ = {isa = PBXFileReference; fileEncoding = 4; lastKnownFileType = sourcecode.c.objc; path = Serializer.m; sourceTree = "<group>"; };
		41C8DDF217369D4B0075DD92 /* Default-568h@2x.png */ = {isa = PBXFileReference; lastKnownFileType = image.png; path = "Default-568h@2x.png"; sourceTree = "<group>"; };
		41C8DDF71736C26F0075DD92 /* Util.h */ = {isa = PBXFileReference; fileEncoding = 4; lastKnownFileType = sourcecode.c.h; path = Util.h; sourceTree = "<group>"; };
		41C8DDF81736C26F0075DD92 /* Util.m */ = {isa = PBXFileReference; fileEncoding = 4; lastKnownFileType = sourcecode.c.objc; path = Util.m; sourceTree = "<group>"; };
		41DD7D02173F32B500182868 /* UserService.h */ = {isa = PBXFileReference; fileEncoding = 4; lastKnownFileType = sourcecode.c.h; path = UserService.h; sourceTree = "<group>"; };
		41DD7D03173F32B500182868 /* UserService.m */ = {isa = PBXFileReference; fileEncoding = 4; lastKnownFileType = sourcecode.c.objc; path = UserService.m; sourceTree = "<group>"; };
		41DD7D05173F32E600182868 /* QuestionService.h */ = {isa = PBXFileReference; fileEncoding = 4; lastKnownFileType = sourcecode.c.h; path = QuestionService.h; sourceTree = "<group>"; };
		41DD7D06173F32E600182868 /* QuestionService.m */ = {isa = PBXFileReference; fileEncoding = 4; lastKnownFileType = sourcecode.c.objc; path = QuestionService.m; sourceTree = "<group>"; };
		41DD7D08173F334E00182868 /* QuestionSerializer.h */ = {isa = PBXFileReference; fileEncoding = 4; lastKnownFileType = sourcecode.c.h; path = QuestionSerializer.h; sourceTree = "<group>"; };
		41DD7D09173F334E00182868 /* QuestionSerializer.m */ = {isa = PBXFileReference; fileEncoding = 4; lastKnownFileType = sourcecode.c.objc; path = QuestionSerializer.m; sourceTree = "<group>"; };
		41DD7D0B173F3A3E00182868 /* LoginInfo.h */ = {isa = PBXFileReference; fileEncoding = 4; lastKnownFileType = sourcecode.c.h; path = LoginInfo.h; sourceTree = "<group>"; };
		41DD7D0C173F3A3E00182868 /* LoginInfo.m */ = {isa = PBXFileReference; fileEncoding = 4; lastKnownFileType = sourcecode.c.objc; path = LoginInfo.m; sourceTree = "<group>"; };
		4A4A68CF173400ED002C9BBC /* GlobalState.h */ = {isa = PBXFileReference; fileEncoding = 4; lastKnownFileType = sourcecode.c.h; path = GlobalState.h; sourceTree = "<group>"; };
		4A4A68D21734BA2C002C9BBC /* QuestionList.h */ = {isa = PBXFileReference; fileEncoding = 4; lastKnownFileType = sourcecode.c.h; path = QuestionList.h; sourceTree = "<group>"; };
		4A4A68D31734BA2C002C9BBC /* QuestionList.m */ = {isa = PBXFileReference; fileEncoding = 4; lastKnownFileType = sourcecode.c.objc; path = QuestionList.m; sourceTree = "<group>"; };
		CE31B9751730CB4E00FDD98B /* LoginModel.h */ = {isa = PBXFileReference; fileEncoding = 4; lastKnownFileType = sourcecode.c.h; path = LoginModel.h; sourceTree = "<group>"; };
		CE31B9761730CB4E00FDD98B /* LoginModel.m */ = {isa = PBXFileReference; fileEncoding = 4; lastKnownFileType = sourcecode.c.objc; path = LoginModel.m; sourceTree = "<group>"; };
		CE31B9771730CB4E00FDD98B /* Question.h */ = {isa = PBXFileReference; fileEncoding = 4; lastKnownFileType = sourcecode.c.h; path = Question.h; sourceTree = "<group>"; };
		CE31B9781730CB4E00FDD98B /* Question.m */ = {isa = PBXFileReference; fileEncoding = 4; lastKnownFileType = sourcecode.c.objc; path = Question.m; sourceTree = "<group>"; };
		CE31B9791730CB4E00FDD98B /* Session.h */ = {isa = PBXFileReference; fileEncoding = 4; lastKnownFileType = sourcecode.c.h; path = Session.h; sourceTree = "<group>"; };
		CE31B97A1730CB4E00FDD98B /* Session.m */ = {isa = PBXFileReference; fileEncoding = 4; lastKnownFileType = sourcecode.c.objc; path = Session.m; sourceTree = "<group>"; };
		CE31B97B1730CB4E00FDD98B /* User.h */ = {isa = PBXFileReference; fileEncoding = 4; lastKnownFileType = sourcecode.c.h; path = User.h; sourceTree = "<group>"; };
		CE31B97C1730CB4E00FDD98B /* User.m */ = {isa = PBXFileReference; fileEncoding = 4; lastKnownFileType = sourcecode.c.objc; path = User.m; sourceTree = "<group>"; };
/* End PBXFileReference section */

/* Begin PBXFrameworksBuildPhase section */
		03C5DF0E172D5E1D00B39AFF /* Frameworks */ = {
			isa = PBXFrameworksBuildPhase;
			buildActionMask = 2147483647;
			files = (
				03C5DF15172D5E1D00B39AFF /* UIKit.framework in Frameworks */,
				03C5DF17172D5E1D00B39AFF /* Foundation.framework in Frameworks */,
				03C5DF19172D5E1D00B39AFF /* CoreGraphics.framework in Frameworks */,
			);
			runOnlyForDeploymentPostprocessing = 0;
		};
/* End PBXFrameworksBuildPhase section */

/* Begin PBXGroup section */
		03C5DF08172D5E1D00B39AFF = {
			isa = PBXGroup;
			children = (
				41C8DDF217369D4B0075DD92 /* Default-568h@2x.png */,
				03C5DF1A172D5E1D00B39AFF /* iclass */,
				03C5DF13172D5E1D00B39AFF /* Frameworks */,
				03C5DF12172D5E1D00B39AFF /* Products */,
			);
			sourceTree = "<group>";
		};
		03C5DF12172D5E1D00B39AFF /* Products */ = {
			isa = PBXGroup;
			children = (
				03C5DF11172D5E1D00B39AFF /* iclass.app */,
			);
			name = Products;
			sourceTree = "<group>";
		};
		03C5DF13172D5E1D00B39AFF /* Frameworks */ = {
			isa = PBXGroup;
			children = (
				03C5DF14172D5E1D00B39AFF /* UIKit.framework */,
				03C5DF16172D5E1D00B39AFF /* Foundation.framework */,
				03C5DF18172D5E1D00B39AFF /* CoreGraphics.framework */,
			);
			name = Frameworks;
			sourceTree = "<group>";
		};
		03C5DF1A172D5E1D00B39AFF /* iclass */ = {
			isa = PBXGroup;
			children = (
				41C8DDF117369AFB0075DD92 /* serializer */,
				41C8DDCF1734F28F0075DD92 /* JSON */,
				41C8DDA91734E1630075DD92 /* domain */,
				41C534B11734B29900493111 /* service */,
				03C5DF3D172D70C600B39AFF /* LogonViewController.h */,
				03C5DFE51730180000B39AFF /* QuestionListViewController.h */,
				03C5DFE61730180000B39AFF /* QuestionListViewController.m */,
				03C5DF3E172D70C600B39AFF /* LogonViewController.m */,
				03C5DF9E172FFCB400B39AFF /* AudienceViewController.h */,
				03C5DF9F172FFCB400B39AFF /* AudienceViewController.m */,
				03C5DFD917300EF200B39AFF /* JoinClassViewController.h */,
				03C5DFDC173013DE00B39AFF /* CreateClassViewController.h */,
				03C5DFDD173013DF00B39AFF /* CreateClassViewController.m */,
				03C5DFDA17300EF200B39AFF /* JoinClassViewController.m */,
				03C5DFA1172FFCCC00B39AFF /* SpeakerViewController.h */,
				03C5DFA2172FFCCC00B39AFF /* SpeakerViewController.m */,
				03C5DFDF173015E600B39AFF /* ClassDetailsViewController.h */,
				03C5DFE0173015E600B39AFF /* ClassDetailsViewController.m */,
				03C5DFE81730E57F00B39AFF /* QuestionDetailsViewController.h */,
				03C5DFE91730E57F00B39AFF /* QuestionDetailsViewController.m */,
				03C5DFEE1730F5CA00B39AFF /* sessionListSample.h */,
				03C5DFEF1730F5CA00B39AFF /* sessionListSample.m */,
				CE31B9751730CB4E00FDD98B /* LoginModel.h */,
				CE31B9761730CB4E00FDD98B /* LoginModel.m */,
				4A4A68D21734BA2C002C9BBC /* QuestionList.h */,
				4A4A68D31734BA2C002C9BBC /* QuestionList.m */,
				CE31B9771730CB4E00FDD98B /* Question.h */,
				CE31B9781730CB4E00FDD98B /* Question.m */,
				CE31B9791730CB4E00FDD98B /* Session.h */,
				CE31B97A1730CB4E00FDD98B /* Session.m */,
				CE31B97B1730CB4E00FDD98B /* User.h */,
				CE31B97C1730CB4E00FDD98B /* User.m */,
				03C5DF23172D5E1D00B39AFF /* AppDelegate.h */,
				03C5DF24172D5E1D00B39AFF /* AppDelegate.m */,
				03C5DF2C172D5E1D00B39AFF /* MainStoryboard_iPhone.storyboard */,
				03C5DF32172D5E1D00B39AFF /* ViewController.h */,
				03C5DF33172D5E1D00B39AFF /* ViewController.m */,
				4A4A68CF173400ED002C9BBC /* GlobalState.h */,
				03C5DF1B172D5E1D00B39AFF /* Supporting Files */,
				03C5DFFD173BE3D000B39AFF /* SignUpViewController.h */,
				03C5DFFE173BE3D000B39AFF /* SignUpViewController.m */,
				03C5E000173BE5D100B39AFF /* SessionList.h */,
				03C5E001173BE5D300B39AFF /* SessionList.m */,
			);
			path = iclass;
			sourceTree = "<group>";
		};
		03C5DF1B172D5E1D00B39AFF /* Supporting Files */ = {
			isa = PBXGroup;
			children = (
				03C5DF1C172D5E1D00B39AFF /* iclass-Info.plist */,
				03C5DF1D172D5E1D00B39AFF /* InfoPlist.strings */,
				03C5DF20172D5E1D00B39AFF /* main.m */,
				03C5DF22172D5E1D00B39AFF /* iclass-Prefix.pch */,
				03C5DF26172D5E1D00B39AFF /* Default.png */,
				03C5DF28172D5E1D00B39AFF /* Default@2x.png */,
				03C5DF2A172D5E1D00B39AFF /* Default-568h@2x.png */,
			);
			name = "Supporting Files";
			sourceTree = "<group>";
		};
		41C534B11734B29900493111 /* service */ = {
			isa = PBXGroup;
			children = (
				41C534AE1734B29200493111 /* ServiceAPI.h */,
				41C534AF1734B29200493111 /* ServiceAPI.m */,
				41C534B61734D6A700493111 /* SessionService.h */,
				41C534B71734D6A700493111 /* SessionService.m */,
				41C8DDB31734EF0B0075DD92 /* HttpQuery.h */,
				41C8DDB41734EF0B0075DD92 /* HttpQuery.m */,
				41C8DDF71736C26F0075DD92 /* Util.h */,
				41C8DDF81736C26F0075DD92 /* Util.m */,
				41DD7D02173F32B500182868 /* UserService.h */,
				41DD7D03173F32B500182868 /* UserService.m */,
				41DD7D05173F32E600182868 /* QuestionService.h */,
				41DD7D06173F32E600182868 /* QuestionService.m */,
			);
			name = service;
			sourceTree = "<group>";
		};
		41C8DDA91734E1630075DD92 /* domain */ = {
			isa = PBXGroup;
			children = (
				CE31B9751730CB4E00FDD98B /* LoginModel.h */,
				CE31B9761730CB4E00FDD98B /* LoginModel.m */,
				CE31B9771730CB4E00FDD98B /* Question.h */,
				CE31B9781730CB4E00FDD98B /* Question.m */,
				CE31B9791730CB4E00FDD98B /* Session.h */,
				CE31B97A1730CB4E00FDD98B /* Session.m */,
				CE31B97B1730CB4E00FDD98B /* User.h */,
				CE31B97C1730CB4E00FDD98B /* User.m */,
				41C8DDB01734EBD80075DD92 /* Entity.h */,
				41C8DDB11734EBD80075DD92 /* Entity.m */,
				41DD7D0B173F3A3E00182868 /* LoginInfo.h */,
				41DD7D0C173F3A3E00182868 /* LoginInfo.m */,
			);
			name = domain;
			sourceTree = "<group>";
		};
		41C8DDCF1734F28F0075DD92 /* JSON */ = {
			isa = PBXGroup;
			children = (
				41C8DDD01734F28F0075DD92 /* JSON.h */,
				41C8DDD11734F28F0075DD92 /* NSObject+SBJSON.h */,
				41C8DDD21734F28F0075DD92 /* NSObject+SBJSON.m */,
				41C8DDD31734F28F0075DD92 /* NSString+SBJSON.h */,
				41C8DDD41734F28F0075DD92 /* NSString+SBJSON.m */,
				41C8DDD51734F28F0075DD92 /* SBJSON.h */,
				41C8DDD61734F28F0075DD92 /* SBJSON.m */,
				41C8DDD71734F28F0075DD92 /* SBJsonBase.h */,
				41C8DDD81734F28F0075DD92 /* SBJsonBase.m */,
				41C8DDD91734F28F0075DD92 /* SBJsonParser.h */,
				41C8DDDA1734F28F0075DD92 /* SBJsonParser.m */,
				41C8DDDB1734F28F0075DD92 /* SBJsonWriter.h */,
				41C8DDDC1734F28F0075DD92 /* SBJsonWriter.m */,
				41C8DDDD1734F28F0075DD92 /* SearchResults.h */,
				41C8DDDE1734F28F0075DD92 /* SearchResults.m */,
			);
			path = JSON;
			sourceTree = "<group>";
		};
		41C8DDF117369AFB0075DD92 /* serializer */ = {
			isa = PBXGroup;
			children = (
				41C8DDAD1734E6050075DD92 /* UserSerializer.h */,
				41C8DDAE1734E6050075DD92 /* UserSerializer.m */,
				41C8DDEA17369A7F0075DD92 /* SessionSerializer.h */,
				41C8DDEB17369A7F0075DD92 /* SessionSerializer.m */,
				41C8DDED17369AEB0075DD92 /* Serializer.h */,
				41C8DDEE17369AEB0075DD92 /* Serializer.m */,
				41DD7D08173F334E00182868 /* QuestionSerializer.h */,
				41DD7D09173F334E00182868 /* QuestionSerializer.m */,
			);
			name = serializer;
			sourceTree = "<group>";
		};
/* End PBXGroup section */

/* Begin PBXNativeTarget section */
		03C5DF10172D5E1D00B39AFF /* iclass */ = {
			isa = PBXNativeTarget;
			buildConfigurationList = 03C5DF37172D5E1D00B39AFF /* Build configuration list for PBXNativeTarget "iclass" */;
			buildPhases = (
				03C5DF0D172D5E1D00B39AFF /* Sources */,
				03C5DF0E172D5E1D00B39AFF /* Frameworks */,
				03C5DF0F172D5E1D00B39AFF /* Resources */,
			);
			buildRules = (
			);
			dependencies = (
			);
			name = iclass;
			productName = iclass;
			productReference = 03C5DF11172D5E1D00B39AFF /* iclass.app */;
			productType = "com.apple.product-type.application";
		};
/* End PBXNativeTarget section */

/* Begin PBXProject section */
		03C5DF09172D5E1D00B39AFF /* Project object */ = {
			isa = PBXProject;
			attributes = {
				LastUpgradeCheck = 0460;
				ORGANIZATIONNAME = "Wiely Rabin";
			};
			buildConfigurationList = 03C5DF0C172D5E1D00B39AFF /* Build configuration list for PBXProject "iclass" */;
			compatibilityVersion = "Xcode 3.2";
			developmentRegion = English;
			hasScannedForEncodings = 0;
			knownRegions = (
				en,
			);
			mainGroup = 03C5DF08172D5E1D00B39AFF;
			productRefGroup = 03C5DF12172D5E1D00B39AFF /* Products */;
			projectDirPath = "";
			projectRoot = "";
			targets = (
				03C5DF10172D5E1D00B39AFF /* iclass */,
			);
		};
/* End PBXProject section */

/* Begin PBXResourcesBuildPhase section */
		03C5DF0F172D5E1D00B39AFF /* Resources */ = {
			isa = PBXResourcesBuildPhase;
			buildActionMask = 2147483647;
			files = (
				03C5DF1F172D5E1D00B39AFF /* InfoPlist.strings in Resources */,
				03C5DF27172D5E1D00B39AFF /* Default.png in Resources */,
				03C5DF29172D5E1D00B39AFF /* Default@2x.png in Resources */,
				03C5DF2B172D5E1D00B39AFF /* Default-568h@2x.png in Resources */,
				03C5DF2E172D5E1D00B39AFF /* MainStoryboard_iPhone.storyboard in Resources */,
			);
			runOnlyForDeploymentPostprocessing = 0;
		};
/* End PBXResourcesBuildPhase section */

/* Begin PBXSourcesBuildPhase section */
		03C5DF0D172D5E1D00B39AFF /* Sources */ = {
			isa = PBXSourcesBuildPhase;
			buildActionMask = 2147483647;
			files = (
				03C5DF21172D5E1D00B39AFF /* main.m in Sources */,
				03C5DF25172D5E1D00B39AFF /* AppDelegate.m in Sources */,
				03C5DF34172D5E1D00B39AFF /* ViewController.m in Sources */,
				03C5DF3F172D70C600B39AFF /* LogonViewController.m in Sources */,
				03C5DFA0172FFCB400B39AFF /* AudienceViewController.m in Sources */,
				03C5DFA3172FFCCC00B39AFF /* SpeakerViewController.m in Sources */,
				03C5DFDB17300EF200B39AFF /* JoinClassViewController.m in Sources */,
				03C5DFDE173013DF00B39AFF /* CreateClassViewController.m in Sources */,
				03C5DFE1173015E700B39AFF /* ClassDetailsViewController.m in Sources */,
				03C5DFE71730180100B39AFF /* QuestionListViewController.m in Sources */,
				CE31B97D1730CB4E00FDD98B /* LoginModel.m in Sources */,
				CE31B97E1730CB4E00FDD98B /* Question.m in Sources */,
				CE31B97F1730CB4E00FDD98B /* Session.m in Sources */,
				CE31B9801730CB4E00FDD98B /* User.m in Sources */,
				03C5DFEA1730E57F00B39AFF /* QuestionDetailsViewController.m in Sources */,
				03C5DFF01730F5CB00B39AFF /* sessionListSample.m in Sources */,
				4A4A68D41734BA2D002C9BBC /* QuestionList.m in Sources */,
				41C534B01734B29200493111 /* ServiceAPI.m in Sources */,
				41C534B81734D6A700493111 /* SessionService.m in Sources */,
				41C8DDAF1734E6050075DD92 /* UserSerializer.m in Sources */,
				41C8DDB21734EBD80075DD92 /* Entity.m in Sources */,
				41C8DDB51734EF0C0075DD92 /* HttpQuery.m in Sources */,
				41C8DDDF1734F28F0075DD92 /* NSObject+SBJSON.m in Sources */,
				41C8DDE01734F28F0075DD92 /* NSString+SBJSON.m in Sources */,
				41C8DDE11734F28F0075DD92 /* SBJSON.m in Sources */,
				41C8DDE21734F28F0075DD92 /* SBJsonBase.m in Sources */,
				41C8DDE31734F28F0075DD92 /* SBJsonParser.m in Sources */,
				41C8DDE41734F28F0075DD92 /* SBJsonWriter.m in Sources */,
				41C8DDE51734F28F0075DD92 /* SearchResults.m in Sources */,
				41C8DDEC17369A7F0075DD92 /* SessionSerializer.m in Sources */,
				41C8DDEF17369AEC0075DD92 /* Serializer.m in Sources */,
				41C8DDF91736C2700075DD92 /* Util.m in Sources */,
				03C5DFFF173BE3D000B39AFF /* SignUpViewController.m in Sources */,
				03C5E002173BE5D400B39AFF /* SessionList.m in Sources */,
				41DD7D04173F32B500182868 /* UserService.m in Sources */,
				41DD7D07173F32E600182868 /* QuestionService.m in Sources */,
				41DD7D0A173F334E00182868 /* QuestionSerializer.m in Sources */,
				41DD7D0D173F3A3E00182868 /* LoginInfo.m in Sources */,
			);
			runOnlyForDeploymentPostprocessing = 0;
		};
/* End PBXSourcesBuildPhase section */

/* Begin PBXVariantGroup section */
		03C5DF1D172D5E1D00B39AFF /* InfoPlist.strings */ = {
			isa = PBXVariantGroup;
			children = (
				03C5DF1E172D5E1D00B39AFF /* en */,
			);
			name = InfoPlist.strings;
			sourceTree = "<group>";
		};
		03C5DF2C172D5E1D00B39AFF /* MainStoryboard_iPhone.storyboard */ = {
			isa = PBXVariantGroup;
			children = (
				03C5DF2D172D5E1D00B39AFF /* en */,
			);
			name = MainStoryboard_iPhone.storyboard;
			sourceTree = "<group>";
		};
/* End PBXVariantGroup section */

/* Begin XCBuildConfiguration section */
		03C5DF35172D5E1D00B39AFF /* Debug */ = {
			isa = XCBuildConfiguration;
			buildSettings = {
				ALWAYS_SEARCH_USER_PATHS = NO;
				CLANG_CXX_LANGUAGE_STANDARD = "gnu++0x";
				CLANG_CXX_LIBRARY = "libc++";
				CLANG_ENABLE_OBJC_ARC = YES;
				CLANG_WARN_CONSTANT_CONVERSION = YES;
				CLANG_WARN_EMPTY_BODY = YES;
				CLANG_WARN_ENUM_CONVERSION = YES;
				CLANG_WARN_INT_CONVERSION = YES;
				CLANG_WARN__DUPLICATE_METHOD_MATCH = YES;
				"CODE_SIGN_IDENTITY[sdk=iphoneos*]" = "iPhone Developer";
				COPY_PHASE_STRIP = NO;
				GCC_C_LANGUAGE_STANDARD = gnu99;
				GCC_DYNAMIC_NO_PIC = NO;
				GCC_OPTIMIZATION_LEVEL = 0;
				GCC_PREPROCESSOR_DEFINITIONS = (
					"DEBUG=1",
					"$(inherited)",
				);
				GCC_SYMBOLS_PRIVATE_EXTERN = NO;
				GCC_WARN_ABOUT_RETURN_TYPE = YES;
				GCC_WARN_UNINITIALIZED_AUTOS = YES;
				GCC_WARN_UNUSED_VARIABLE = YES;
				IPHONEOS_DEPLOYMENT_TARGET = 6.1;
				ONLY_ACTIVE_ARCH = YES;
				SDKROOT = iphoneos;
				TARGETED_DEVICE_FAMILY = "1,2";
			};
			name = Debug;
		};
		03C5DF36172D5E1D00B39AFF /* Release */ = {
			isa = XCBuildConfiguration;
			buildSettings = {
				ALWAYS_SEARCH_USER_PATHS = NO;
				CLANG_CXX_LANGUAGE_STANDARD = "gnu++0x";
				CLANG_CXX_LIBRARY = "libc++";
				CLANG_ENABLE_OBJC_ARC = YES;
				CLANG_WARN_CONSTANT_CONVERSION = YES;
				CLANG_WARN_EMPTY_BODY = YES;
				CLANG_WARN_ENUM_CONVERSION = YES;
				CLANG_WARN_INT_CONVERSION = YES;
				CLANG_WARN__DUPLICATE_METHOD_MATCH = YES;
				"CODE_SIGN_IDENTITY[sdk=iphoneos*]" = "iPhone Developer";
				COPY_PHASE_STRIP = YES;
				GCC_C_LANGUAGE_STANDARD = gnu99;
				GCC_WARN_ABOUT_RETURN_TYPE = YES;
				GCC_WARN_UNINITIALIZED_AUTOS = YES;
				GCC_WARN_UNUSED_VARIABLE = YES;
				IPHONEOS_DEPLOYMENT_TARGET = 6.1;
				OTHER_CFLAGS = "-DNS_BLOCK_ASSERTIONS=1";
				SDKROOT = iphoneos;
				TARGETED_DEVICE_FAMILY = "1,2";
				VALIDATE_PRODUCT = YES;
			};
			name = Release;
		};
		03C5DF38172D5E1D00B39AFF /* Debug */ = {
			isa = XCBuildConfiguration;
			buildSettings = {
				GCC_PRECOMPILE_PREFIX_HEADER = YES;
				GCC_PREFIX_HEADER = "iclass/iclass-Prefix.pch";
				INFOPLIST_FILE = "iclass/iclass-Info.plist";
				PRODUCT_NAME = "$(TARGET_NAME)";
				WRAPPER_EXTENSION = app;
			};
			name = Debug;
		};
		03C5DF39172D5E1D00B39AFF /* Release */ = {
			isa = XCBuildConfiguration;
			buildSettings = {
				GCC_PRECOMPILE_PREFIX_HEADER = YES;
				GCC_PREFIX_HEADER = "iclass/iclass-Prefix.pch";
				INFOPLIST_FILE = "iclass/iclass-Info.plist";
				PRODUCT_NAME = "$(TARGET_NAME)";
				WRAPPER_EXTENSION = app;
			};
			name = Release;
		};
/* End XCBuildConfiguration section */

/* Begin XCConfigurationList section */
		03C5DF0C172D5E1D00B39AFF /* Build configuration list for PBXProject "iclass" */ = {
			isa = XCConfigurationList;
			buildConfigurations = (
				03C5DF35172D5E1D00B39AFF /* Debug */,
				03C5DF36172D5E1D00B39AFF /* Release */,
			);
			defaultConfigurationIsVisible = 0;
			defaultConfigurationName = Release;
		};
		03C5DF37172D5E1D00B39AFF /* Build configuration list for PBXNativeTarget "iclass" */ = {
			isa = XCConfigurationList;
			buildConfigurations = (
				03C5DF38172D5E1D00B39AFF /* Debug */,
				03C5DF39172D5E1D00B39AFF /* Release */,
			);
			defaultConfigurationIsVisible = 0;
			defaultConfigurationName = Release;
		};
/* End XCConfigurationList section */
	};
	rootObject = 03C5DF09172D5E1D00B39AFF /* Project object */;
}
